
Microsoft Visual Studio Solution File, Format Version 12.00
# Visual Studio Version 16
VisualStudioVersion = 16.0.30114.105
MinimumVisualStudioVersion = 10.0.40219.1
Project("{2150E333-8FDC-42A3-9474-1A3956D46DE8}") = "src", "src", "{89DB60B4-8060-44CC-8A0E-BA7B4388B8DE}"
EndProject
Project("{FAE04EC0-301F-11D3-BF4B-00C04F79EFBC}") = "CribblyBackend", "src\CribblyBackend\CribblyBackend.csproj", "{EF9C314F-78C4-4471-A734-B209033FC916}"
EndProject
Project("{FAE04EC0-301F-11D3-BF4B-00C04F79EFBC}") = "CribblyBackend.Core", "src\CribblyBackend.Core\CribblyBackend.Core.csproj", "{EC84E468-6940-4DE3-A5EF-F6868BA26CCA}"
EndProject
Project("{FAE04EC0-301F-11D3-BF4B-00C04F79EFBC}") = "CribblyBackend.DataAccess", "src\CribblyBackend.DataAccess\CribblyBackend.DataAccess.csproj", "{0117F4D2-723F-4E81-9DB5-5C9D6B6105DC}"
EndProject
Project("{2150E333-8FDC-42A3-9474-1A3956D46DE8}") = "tests", "tests", "{12776A0E-2B52-427A-ACFC-B2BDB70E685A}"
EndProject
Project("{FAE04EC0-301F-11D3-BF4B-00C04F79EFBC}") = "CribblyBackend.Api.Tests", "tests\CribblyBackend.Api.Tests\CribblyBackend.Api.Tests.csproj", "{81CB6FF9-108E-4857-947D-344B1DC3AA4B}"
EndProject
Project("{FAE04EC0-301F-11D3-BF4B-00C04F79EFBC}") = "CribblyBackend.Core.UnitTests", "tests\CribblyBackend.Core.UnitTests\CribblyBackend.Core.UnitTests.csproj", "{51B2BE2E-371B-49A6-BA48-F1A9033EC2A5}"
EndProject
Project("{FAE04EC0-301F-11D3-BF4B-00C04F79EFBC}") = "CribblyBackend.Test.Support", "tests\CribblyBackend.Test.Support\CribblyBackend.Test.Support.csproj", "{DBDDF23A-6431-4498-8D8D-D3403FFCC95C}"
EndProject
Global
	GlobalSection(SolutionConfigurationPlatforms) = preSolution
		Debug|Any CPU = Debug|Any CPU
		Debug|x64 = Debug|x64
		Debug|x86 = Debug|x86
		Release|Any CPU = Release|Any CPU
		Release|x64 = Release|x64
		Release|x86 = Release|x86
	EndGlobalSection
	GlobalSection(SolutionProperties) = preSolution
		HideSolutionNode = FALSE
	EndGlobalSection
	GlobalSection(ProjectConfigurationPlatforms) = postSolution
		{EF9C314F-78C4-4471-A734-B209033FC916}.Debug|Any CPU.ActiveCfg = Debug|Any CPU
		{EF9C314F-78C4-4471-A734-B209033FC916}.Debug|Any CPU.Build.0 = Debug|Any CPU
		{EF9C314F-78C4-4471-A734-B209033FC916}.Debug|x64.ActiveCfg = Debug|Any CPU
		{EF9C314F-78C4-4471-A734-B209033FC916}.Debug|x64.Build.0 = Debug|Any CPU
		{EF9C314F-78C4-4471-A734-B209033FC916}.Debug|x86.ActiveCfg = Debug|Any CPU
		{EF9C314F-78C4-4471-A734-B209033FC916}.Debug|x86.Build.0 = Debug|Any CPU
		{EF9C314F-78C4-4471-A734-B209033FC916}.Release|Any CPU.ActiveCfg = Release|Any CPU
		{EF9C314F-78C4-4471-A734-B209033FC916}.Release|Any CPU.Build.0 = Release|Any CPU
		{EF9C314F-78C4-4471-A734-B209033FC916}.Release|x64.ActiveCfg = Release|Any CPU
		{EF9C314F-78C4-4471-A734-B209033FC916}.Release|x64.Build.0 = Release|Any CPU
		{EF9C314F-78C4-4471-A734-B209033FC916}.Release|x86.ActiveCfg = Release|Any CPU
		{EF9C314F-78C4-4471-A734-B209033FC916}.Release|x86.Build.0 = Release|Any CPU
		{EC84E468-6940-4DE3-A5EF-F6868BA26CCA}.Debug|Any CPU.ActiveCfg = Debug|Any CPU
		{EC84E468-6940-4DE3-A5EF-F6868BA26CCA}.Debug|Any CPU.Build.0 = Debug|Any CPU
		{EC84E468-6940-4DE3-A5EF-F6868BA26CCA}.Debug|x64.ActiveCfg = Debug|Any CPU
		{EC84E468-6940-4DE3-A5EF-F6868BA26CCA}.Debug|x64.Build.0 = Debug|Any CPU
		{EC84E468-6940-4DE3-A5EF-F6868BA26CCA}.Debug|x86.ActiveCfg = Debug|Any CPU
		{EC84E468-6940-4DE3-A5EF-F6868BA26CCA}.Debug|x86.Build.0 = Debug|Any CPU
		{EC84E468-6940-4DE3-A5EF-F6868BA26CCA}.Release|Any CPU.ActiveCfg = Release|Any CPU
		{EC84E468-6940-4DE3-A5EF-F6868BA26CCA}.Release|Any CPU.Build.0 = Release|Any CPU
		{EC84E468-6940-4DE3-A5EF-F6868BA26CCA}.Release|x64.ActiveCfg = Release|Any CPU
		{EC84E468-6940-4DE3-A5EF-F6868BA26CCA}.Release|x64.Build.0 = Release|Any CPU
		{EC84E468-6940-4DE3-A5EF-F6868BA26CCA}.Release|x86.ActiveCfg = Release|Any CPU
		{EC84E468-6940-4DE3-A5EF-F6868BA26CCA}.Release|x86.Build.0 = Release|Any CPU
		{0117F4D2-723F-4E81-9DB5-5C9D6B6105DC}.Debug|Any CPU.ActiveCfg = Debug|Any CPU
		{0117F4D2-723F-4E81-9DB5-5C9D6B6105DC}.Debug|Any CPU.Build.0 = Debug|Any CPU
		{0117F4D2-723F-4E81-9DB5-5C9D6B6105DC}.Debug|x64.ActiveCfg = Debug|Any CPU
		{0117F4D2-723F-4E81-9DB5-5C9D6B6105DC}.Debug|x64.Build.0 = Debug|Any CPU
		{0117F4D2-723F-4E81-9DB5-5C9D6B6105DC}.Debug|x86.ActiveCfg = Debug|Any CPU
		{0117F4D2-723F-4E81-9DB5-5C9D6B6105DC}.Debug|x86.Build.0 = Debug|Any CPU
		{0117F4D2-723F-4E81-9DB5-5C9D6B6105DC}.Release|Any CPU.ActiveCfg = Release|Any CPU
		{0117F4D2-723F-4E81-9DB5-5C9D6B6105DC}.Release|Any CPU.Build.0 = Release|Any CPU
		{0117F4D2-723F-4E81-9DB5-5C9D6B6105DC}.Release|x64.ActiveCfg = Release|Any CPU
		{0117F4D2-723F-4E81-9DB5-5C9D6B6105DC}.Release|x64.Build.0 = Release|Any CPU
		{0117F4D2-723F-4E81-9DB5-5C9D6B6105DC}.Release|x86.ActiveCfg = Release|Any CPU
		{0117F4D2-723F-4E81-9DB5-5C9D6B6105DC}.Release|x86.Build.0 = Release|Any CPU
		{81CB6FF9-108E-4857-947D-344B1DC3AA4B}.Debug|Any CPU.ActiveCfg = Debug|Any CPU
		{81CB6FF9-108E-4857-947D-344B1DC3AA4B}.Debug|Any CPU.Build.0 = Debug|Any CPU
		{81CB6FF9-108E-4857-947D-344B1DC3AA4B}.Debug|x64.ActiveCfg = Debug|Any CPU
		{81CB6FF9-108E-4857-947D-344B1DC3AA4B}.Debug|x64.Build.0 = Debug|Any CPU
		{81CB6FF9-108E-4857-947D-344B1DC3AA4B}.Debug|x86.ActiveCfg = Debug|Any CPU
		{81CB6FF9-108E-4857-947D-344B1DC3AA4B}.Debug|x86.Build.0 = Debug|Any CPU
		{81CB6FF9-108E-4857-947D-344B1DC3AA4B}.Release|Any CPU.ActiveCfg = Release|Any CPU
		{81CB6FF9-108E-4857-947D-344B1DC3AA4B}.Release|Any CPU.Build.0 = Release|Any CPU
		{81CB6FF9-108E-4857-947D-344B1DC3AA4B}.Release|x64.ActiveCfg = Release|Any CPU
		{81CB6FF9-108E-4857-947D-344B1DC3AA4B}.Release|x64.Build.0 = Release|Any CPU
		{81CB6FF9-108E-4857-947D-344B1DC3AA4B}.Release|x86.ActiveCfg = Release|Any CPU
		{81CB6FF9-108E-4857-947D-344B1DC3AA4B}.Release|x86.Build.0 = Release|Any CPU
		{51B2BE2E-371B-49A6-BA48-F1A9033EC2A5}.Debug|Any CPU.ActiveCfg = Debug|Any CPU
		{51B2BE2E-371B-49A6-BA48-F1A9033EC2A5}.Debug|Any CPU.Build.0 = Debug|Any CPU
		{51B2BE2E-371B-49A6-BA48-F1A9033EC2A5}.Debug|x64.ActiveCfg = Debug|Any CPU
		{51B2BE2E-371B-49A6-BA48-F1A9033EC2A5}.Debug|x64.Build.0 = Debug|Any CPU
		{51B2BE2E-371B-49A6-BA48-F1A9033EC2A5}.Debug|x86.ActiveCfg = Debug|Any CPU
		{51B2BE2E-371B-49A6-BA48-F1A9033EC2A5}.Debug|x86.Build.0 = Debug|Any CPU
		{51B2BE2E-371B-49A6-BA48-F1A9033EC2A5}.Release|Any CPU.ActiveCfg = Release|Any CPU
		{51B2BE2E-371B-49A6-BA48-F1A9033EC2A5}.Release|Any CPU.Build.0 = Release|Any CPU
		{51B2BE2E-371B-49A6-BA48-F1A9033EC2A5}.Release|x64.ActiveCfg = Release|Any CPU
		{51B2BE2E-371B-49A6-BA48-F1A9033EC2A5}.Release|x64.Build.0 = Release|Any CPU
		{51B2BE2E-371B-49A6-BA48-F1A9033EC2A5}.Release|x86.ActiveCfg = Release|Any CPU
		{51B2BE2E-371B-49A6-BA48-F1A9033EC2A5}.Release|x86.Build.0 = Release|Any CPU
		{DBDDF23A-6431-4498-8D8D-D3403FFCC95C}.Debug|Any CPU.ActiveCfg = Debug|Any CPU
		{DBDDF23A-6431-4498-8D8D-D3403FFCC95C}.Debug|Any CPU.Build.0 = Debug|Any CPU
		{DBDDF23A-6431-4498-8D8D-D3403FFCC95C}.Debug|x64.ActiveCfg = Debug|Any CPU
		{DBDDF23A-6431-4498-8D8D-D3403FFCC95C}.Debug|x64.Build.0 = Debug|Any CPU
		{DBDDF23A-6431-4498-8D8D-D3403FFCC95C}.Debug|x86.ActiveCfg = Debug|Any CPU
		{DBDDF23A-6431-4498-8D8D-D3403FFCC95C}.Debug|x86.Build.0 = Debug|Any CPU
		{DBDDF23A-6431-4498-8D8D-D3403FFCC95C}.Release|Any CPU.ActiveCfg = Release|Any CPU
		{DBDDF23A-6431-4498-8D8D-D3403FFCC95C}.Release|Any CPU.Build.0 = Release|Any CPU
		{DBDDF23A-6431-4498-8D8D-D3403FFCC95C}.Release|x64.ActiveCfg = Release|Any CPU
		{DBDDF23A-6431-4498-8D8D-D3403FFCC95C}.Release|x64.Build.0 = Release|Any CPU
		{DBDDF23A-6431-4498-8D8D-D3403FFCC95C}.Release|x86.ActiveCfg = Release|Any CPU
		{DBDDF23A-6431-4498-8D8D-D3403FFCC95C}.Release|x86.Build.0 = Release|Any CPU
	EndGlobalSection
	GlobalSection(NestedProjects) = preSolution
		{EF9C314F-78C4-4471-A734-B209033FC916} = {89DB60B4-8060-44CC-8A0E-BA7B4388B8DE}
		{EC84E468-6940-4DE3-A5EF-F6868BA26CCA} = {89DB60B4-8060-44CC-8A0E-BA7B4388B8DE}
		{0117F4D2-723F-4E81-9DB5-5C9D6B6105DC} = {89DB60B4-8060-44CC-8A0E-BA7B4388B8DE}
		{81CB6FF9-108E-4857-947D-344B1DC3AA4B} = {12776A0E-2B52-427A-ACFC-B2BDB70E685A}
		{51B2BE2E-371B-49A6-BA48-F1A9033EC2A5} = {12776A0E-2B52-427A-ACFC-B2BDB70E685A}
		{DBDDF23A-6431-4498-8D8D-D3403FFCC95C} = {12776A0E-2B52-427A-ACFC-B2BDB70E685A}
	EndGlobalSection
EndGlobal
